
Microsoft Visual Studio Solution File, Format Version 12.00
# Visual Studio Version 16
VisualStudioVersion = 16.0.32106.194
MinimumVisualStudioVersion = 10.0.40219.1
Project("{FAE04EC0-301F-11D3-BF4B-00C04F79EFBC}") = "GitTestDeux", "GitTestDeux\GitTestDeux.csproj", "{595882AB-4315-4EC3-9D10-E9F9F28BF189}"
EndProject
Global
	GlobalSection(SolutionConfigurationPlatforms) = preSolution
		Debug|Any CPU = Debug|Any CPU
		Release|Any CPU = Release|Any CPU
	EndGlobalSection
	GlobalSection(ProjectConfigurationPlatforms) = postSolution
		{595882AB-4315-4EC3-9D10-E9F9F28BF189}.Debug|Any CPU.ActiveCfg = Debug|Any CPU
		{595882AB-4315-4EC3-9D10-E9F9F28BF189}.Debug|Any CPU.Build.0 = Debug|Any CPU
		{595882AB-4315-4EC3-9D10-E9F9F28BF189}.Release|Any CPU.ActiveCfg = Release|Any CPU
		{595882AB-4315-4EC3-9D10-E9F9F28BF189}.Release|Any CPU.Build.0 = Release|Any CPU
	EndGlobalSection
	GlobalSection(SolutionProperties) = preSolution
		HideSolutionNode = FALSE
	EndGlobalSection
	GlobalSection(ExtensibilityGlobals) = postSolution
		SolutionGuid = {4DFC6BE5-FD80-4F1E-9BC8-946B4AE7BE84}
	EndGlobalSection
EndGlobal
